
Microsoft Visual Studio Solution File, Format Version 12.00
# Visual Studio 15
VisualStudioVersion = 15.0.28307.271
MinimumVisualStudioVersion = 10.0.40219.1
Project("{9A19103F-16F7-4668-BE54-9A1E7A4F7556}") = "Gitty", "Gitty.csproj", "{7CB47B3B-E400-43C4-8E5F-3E8F5BF559B9}"
EndProject
Project("{9A19103F-16F7-4668-BE54-9A1E7A4F7556}") = "Gitty.Test", "Test\Gitty.Test.csproj", "{72A0F231-301E-4418-9779-A3328F9CD233}"
EndProject
Project("{9A19103F-16F7-4668-BE54-9A1E7A4F7556}") = "Gitty.Cake", "Cake\Gitty.Cake.csproj", "{ED6F01E1-1A5A-42C5-A9E0-B67F7BC3FF77}"
EndProject
Global
	GlobalSection(SolutionConfigurationPlatforms) = preSolution
		Debug|Any CPU = Debug|Any CPU
		Release|Any CPU = Release|Any CPU
	EndGlobalSection
	GlobalSection(ProjectConfigurationPlatforms) = postSolution
		{7CB47B3B-E400-43C4-8E5F-3E8F5BF559B9}.Debug|Any CPU.ActiveCfg = Debug|Any CPU
		{7CB47B3B-E400-43C4-8E5F-3E8F5BF559B9}.Debug|Any CPU.Build.0 = Debug|Any CPU
		{7CB47B3B-E400-43C4-8E5F-3E8F5BF559B9}.Release|Any CPU.ActiveCfg = Release|Any CPU
		{7CB47B3B-E400-43C4-8E5F-3E8F5BF559B9}.Release|Any CPU.Build.0 = Release|Any CPU
		{72A0F231-301E-4418-9779-A3328F9CD233}.Debug|Any CPU.ActiveCfg = Debug|Any CPU
		{72A0F231-301E-4418-9779-A3328F9CD233}.Debug|Any CPU.Build.0 = Debug|Any CPU
		{72A0F231-301E-4418-9779-A3328F9CD233}.Release|Any CPU.ActiveCfg = Release|Any CPU
		{72A0F231-301E-4418-9779-A3328F9CD233}.Release|Any CPU.Build.0 = Release|Any CPU
		{ED6F01E1-1A5A-42C5-A9E0-B67F7BC3FF77}.Debug|Any CPU.ActiveCfg = Debug|Any CPU
		{ED6F01E1-1A5A-42C5-A9E0-B67F7BC3FF77}.Debug|Any CPU.Build.0 = Debug|Any CPU
		{ED6F01E1-1A5A-42C5-A9E0-B67F7BC3FF77}.Release|Any CPU.ActiveCfg = Release|Any CPU
		{ED6F01E1-1A5A-42C5-A9E0-B67F7BC3FF77}.Release|Any CPU.Build.0 = Release|Any CPU
	EndGlobalSection
	GlobalSection(SolutionProperties) = preSolution
		HideSolutionNode = FALSE
	EndGlobalSection
	GlobalSection(ExtensibilityGlobals) = postSolution
		SolutionGuid = {60BF51C5-F780-44D8-9782-8A3160722DB6}
	EndGlobalSection
EndGlobal
